<?xml version="1.0" encoding="utf-8"?>
<Project ToolsVersion="4.0" xmlns="http://schemas.microsoft.com/developer/msbuild/2003">
  <ItemGroup>
    <Filter Include="Файлы ресурсов">
      <UniqueIdentifier>{67DA6AB6-F800-4c08-8B7A-83BB121AAD01}</UniqueIdentifier>
      <Extensions>rc;ico;cur;bmp;dlg;rc2;rct;bin;rgs;gif;jpg;jpeg;jpe;resx;tiff;tif;png;wav;mfcribbon-ms</Extensions>
    </Filter>
    <Filter Include="Headers">
      <UniqueIdentifier>{93995380-89BD-4b04-88EB-625FBE52EBFB}</UniqueIdentifier>
      <Extensions>h;hh;hpp;hxx;hm;inl;inc;xsd</Extensions>
    </Filter>
    <Filter Include="Src">
      <UniqueIdentifier>{4FC737F1-C7A5-4376-A066-2A32D752A2FF}</UniqueIdentifier>
      <Extensions>cpp;c;cc;cxx;def;odl;idl;hpj;bat;asm;asmx</Extensions>
    </Filter>
  </ItemGroup>
  <ItemGroup>
    <ResourceCompile Include="DotAAllstarsHelper688.rc">
      <Filter>Файлы ресурсов</Filter>
    </ResourceCompile>
  </ItemGroup>
  <ItemGroup>
    <ClCompile Include="..\DotAAllstarsHelper\Crc32Dynamic.cpp">
      <Filter>Src</Filter>
    </ClCompile>
    <ClCompile Include="..\DotAAllstarsHelper\DotaAllstarsHelper.cpp">
      <Filter>Src</Filter>
    </ClCompile>
    <ClCompile Include="..\DotAAllstarsHelper\DotaAutoFPSlimit.cpp">
      <Filter>Src</Filter>
    </ClCompile>
    <ClCompile Include="..\DotAAllstarsHelper\DotaChatHelper.cpp">
      <Filter>Src</Filter>
    </ClCompile>
    <ClCompile Include="..\DotAAllstarsHelper\DotaClickHelper.cpp">
      <Filter>Src</Filter>
    </ClCompile>
    <ClCompile Include="..\DotAAllstarsHelper\DotaCustomFrames.cpp">
      <Filter>Src</Filter>
    </ClCompile>
    <ClCompile Include="..\DotAAllstarsHelper\DotaErrorHandler.cpp">
      <Filter>Src</Filter>
    </ClCompile>
    <ClCompile Include="..\DotAAllstarsHelper\DotaFilesHelper.cpp">
      <Filter>Src</Filter>
    </ClCompile>
    <ClCompile Include="..\DotAAllstarsHelper\DotaFOVfix.cpp">
      <Filter>Src</Filter>
    </ClCompile>
    <ClCompile Include="..\DotAAllstarsHelper\DotaHPBarHelper.cpp">
      <Filter>Src</Filter>
    </ClCompile>
    <ClCompile Include="..\DotAAllstarsHelper\DotaMPBarHelper.cpp">
      <Filter>Src</Filter>
    </ClCompile>
    <ClCompile Include="..\DotAAllstarsHelper\DotaPlayerHelper.cpp">
      <Filter>Src</Filter>
    </ClCompile>
    <ClCompile Include="..\DotAAllstarsHelper\DotaViewAllySkill.cpp">
      <Filter>Src</Filter>
    </ClCompile>
    <ClCompile Include="..\DotAAllstarsHelper\DotaWebHelper.cpp">
      <Filter>Src</Filter>
    </ClCompile>
    <ClCompile Include="..\DotAAllstarsHelper\hash_64.cpp">
      <Filter>Src</Filter>
    </ClCompile>
    <ClCompile Include="..\DotAAllstarsHelper\quantizer.cpp">
      <Filter>Src</Filter>
    </ClCompile>
    <ClCompile Include="..\DotAAllstarsHelper\UnitAndItem.cpp">
      <Filter>Src</Filter>
    </ClCompile>
    <ClCompile Include="..\DotAAllstarsHelper\DotaHelperOverlayDirectx8.cpp">
      <Filter>Src</Filter>
    </ClCompile>
    <ClCompile Include="..\DotAAllstarsHelper\DotaHelperOverlayDirectx9.cpp">
      <Filter>Src</Filter>
    </ClCompile>
    <ClCompile Include="..\DotAAllstarsHelper\DotaHelperOverlayOpengl.cpp">
      <Filter>Src</Filter>
    </ClCompile>
    <ClCompile Include="..\DotAAllstarsHelper\DotaRawImagesDrawApi.cpp">
      <Filter>Src</Filter>
    </ClCompile>
    <ClCompile Include="..\DotAAllstarsHelper\DotaMemoryHackHelper.cpp">
      <Filter>Src</Filter>
    </ClCompile>
    <ClCompile Include="..\DotAAllstarsHelper\DotaSyncScanner.cpp">
      <Filter>Src</Filter>
    </ClCompile>
    <ClCompile Include="..\DotAAllstarsHelper\Storm.cpp">
      <Filter>Src</Filter>
    </ClCompile>
    <ClCompile Include="..\DotAAllstarsHelper\DotaFrameDefHelper.cpp">
      <Filter>Src</Filter>
    </ClCompile>
    <ClCompile Include="..\DotAAllstarsHelper\WarcraftFrameHelper.cpp">
      <Filter>Src</Filter>
    </ClCompile>
    <ClCompile Include="..\DotAAllstarsHelper\BlpReadWrite.cpp">
      <Filter>Src</Filter>
    </ClCompile>
    <ClCompile Include="..\DotAAllstarsHelper\DotaHttpHelper.cpp">
      <Filter>Src</Filter>
    </ClCompile>
    <ClCompile Include="..\DotAAllstarsHelper\MegaPacketHandler.cpp">
      <Filter>Src</Filter>
    </ClCompile>
  </ItemGroup>
  <ItemGroup>
    <ClInclude Include="..\DotAAllstarsHelper\buffer.h">
      <Filter>Headers</Filter>
    </ClInclude>
    <ClInclude Include="..\DotAAllstarsHelper\Common.h">
      <Filter>Headers</Filter>
    </ClInclude>
    <ClInclude Include="..\DotAAllstarsHelper\Crc32Dynamic.h">
      <Filter>Headers</Filter>
    </ClInclude>
    <ClInclude Include="..\DotAAllstarsHelper\fnv.h">
      <Filter>Headers</Filter>
    </ClInclude>
    <ClInclude Include="..\DotAAllstarsHelper\HttpClass.h">
      <Filter>Headers</Filter>
    </ClInclude>
    <ClInclude Include="..\DotAAllstarsHelper\longlong.h">
      <Filter>Headers</Filter>
    </ClInclude>
    <ClInclude Include="..\DotAAllstarsHelper\Main.h">
      <Filter>Headers</Filter>
    </ClInclude>
    <ClInclude Include="..\DotAAllstarsHelper\quantizer.h">
      <Filter>Headers</Filter>
    </ClInclude>
    <ClInclude Include="..\DotAAllstarsHelper\ViewAllySkill.h">
      <Filter>Headers</Filter>
    </ClInclude>
    <ClInclude Include="resource.h">
      <Filter>Headers</Filter>
    </ClInclude>
    <ClInclude Include="..\DotAAllstarsHelper\Structures.h">
      <Filter>Headers</Filter>
    </ClInclude>
    <ClInclude Include="..\DotAAllstarsHelper\Storm.h">
      <Filter>Headers</Filter>
    </ClInclude>
    <ClInclude Include="..\DotAAllstarsHelper\FunctionTemplate.h">
      <Filter>Headers</Filter>
    </ClInclude>
    <ClInclude Include="..\DotAAllstarsHelper\fp_call.h">
      <Filter>Headers</Filter>
    </ClInclude>
    <ClInclude Include="..\DotAAllstarsHelper\WarcraftFrameHelper.h">
      <Filter>Headers</Filter>
    </ClInclude>
    <ClInclude Include="..\DotAAllstarsHelper\BlpReadWrite.h">
      <Filter>Headers</Filter>
    </ClInclude>
    <ClInclude Include="..\DotAAllstarsHelper\MegaPacketHandler.h">
      <Filter>Headers</Filter>
    </ClInclude>
  </ItemGroup>
  <ItemGroup>
    <None Include="Source.def">
      <Filter>Src</Filter>
    </None>
  </ItemGroup>
</Project>